Microsoft Visual Studio Solution File, Format Version 12.00
# Visual Studio 2012
Project("{FAE04EC0-301F-11D3-BF4B-00C04F79EFBC}") = "SonicBadnikFramework", "SonicBadnikFramework.csproj", "{46391944-DB5F-4C99-9CFA-3E4F5749737E}"
EndProject
Global
	GlobalSection(SolutionConfigurationPlatforms) = preSolution
	Debug|Any CPU = Debug|Any CPU
	ExportDebug|Any CPU = ExportDebug|Any CPU
	ExportRelease|Any CPU = ExportRelease|Any CPU
	EndGlobalSection
	GlobalSection(ProjectConfigurationPlatforms) = postSolution
		{46391944-DB5F-4C99-9CFA-3E4F5749737E}.Debug|Any CPU.ActiveCfg = Debug|Any CPU
		{46391944-DB5F-4C99-9CFA-3E4F5749737E}.Debug|Any CPU.Build.0 = Debug|Any CPU
		{46391944-DB5F-4C99-9CFA-3E4F5749737E}.ExportDebug|Any CPU.ActiveCfg = ExportDebug|Any CPU
		{46391944-DB5F-4C99-9CFA-3E4F5749737E}.ExportDebug|Any CPU.Build.0 = ExportDebug|Any CPU
		{46391944-DB5F-4C99-9CFA-3E4F5749737E}.ExportRelease|Any CPU.ActiveCfg = ExportRelease|Any CPU
		{46391944-DB5F-4C99-9CFA-3E4F5749737E}.ExportRelease|Any CPU.Build.0 = ExportRelease|Any CPU
	EndGlobalSection
EndGlobal
